
Microsoft Visual Studio Solution File, Format Version 12.00
# Visual Studio Version 16
VisualStudioVersion = 16.0.30114.105
MinimumVisualStudioVersion = 10.0.40219.1
Project("{FAE04EC0-301F-11D3-BF4B-00C04F79EFBC}") = "ProEventos.Application", "ProEventos.Application\ProEventos.Application.csproj", "{4B862F8B-7E22-4F8F-8380-D4BB5C29DF96}"
EndProject
Project("{FAE04EC0-301F-11D3-BF4B-00C04F79EFBC}") = "ProEventos.Domain", "ProEventos.Domain\ProEventos.Domain.csproj", "{C315CE8C-739C-41ED-8EDF-F1D737331781}"
EndProject
Project("{FAE04EC0-301F-11D3-BF4B-00C04F79EFBC}") = "ProEventos.API", "ProEventos.Api\ProEventos.API.csproj", "{055D9784-E1A4-43B1-937E-B376AFB273A1}"
EndProject
Project("{FAE04EC0-301F-11D3-BF4B-00C04F79EFBC}") = "ProEventos.Persistence", "ProEventos.Persistence\ProEventos.Persistence.csproj", "{67B2740E-D655-4CA7-8A66-156EB1C968AE}"
EndProject
Global
	GlobalSection(SolutionConfigurationPlatforms) = preSolution
		Debug|Any CPU = Debug|Any CPU
		Debug|x64 = Debug|x64
		Debug|x86 = Debug|x86
		Release|Any CPU = Release|Any CPU
		Release|x64 = Release|x64
		Release|x86 = Release|x86
	EndGlobalSection
	GlobalSection(SolutionProperties) = preSolution
		HideSolutionNode = FALSE
	EndGlobalSection
	GlobalSection(ProjectConfigurationPlatforms) = postSolution
		{4B862F8B-7E22-4F8F-8380-D4BB5C29DF96}.Debug|Any CPU.ActiveCfg = Debug|Any CPU
		{4B862F8B-7E22-4F8F-8380-D4BB5C29DF96}.Debug|Any CPU.Build.0 = Debug|Any CPU
		{4B862F8B-7E22-4F8F-8380-D4BB5C29DF96}.Debug|x64.ActiveCfg = Debug|Any CPU
		{4B862F8B-7E22-4F8F-8380-D4BB5C29DF96}.Debug|x64.Build.0 = Debug|Any CPU
		{4B862F8B-7E22-4F8F-8380-D4BB5C29DF96}.Debug|x86.ActiveCfg = Debug|Any CPU
		{4B862F8B-7E22-4F8F-8380-D4BB5C29DF96}.Debug|x86.Build.0 = Debug|Any CPU
		{4B862F8B-7E22-4F8F-8380-D4BB5C29DF96}.Release|Any CPU.ActiveCfg = Release|Any CPU
		{4B862F8B-7E22-4F8F-8380-D4BB5C29DF96}.Release|Any CPU.Build.0 = Release|Any CPU
		{4B862F8B-7E22-4F8F-8380-D4BB5C29DF96}.Release|x64.ActiveCfg = Release|Any CPU
		{4B862F8B-7E22-4F8F-8380-D4BB5C29DF96}.Release|x64.Build.0 = Release|Any CPU
		{4B862F8B-7E22-4F8F-8380-D4BB5C29DF96}.Release|x86.ActiveCfg = Release|Any CPU
		{4B862F8B-7E22-4F8F-8380-D4BB5C29DF96}.Release|x86.Build.0 = Release|Any CPU
		{C315CE8C-739C-41ED-8EDF-F1D737331781}.Debug|Any CPU.ActiveCfg = Debug|Any CPU
		{C315CE8C-739C-41ED-8EDF-F1D737331781}.Debug|Any CPU.Build.0 = Debug|Any CPU
		{C315CE8C-739C-41ED-8EDF-F1D737331781}.Debug|x64.ActiveCfg = Debug|Any CPU
		{C315CE8C-739C-41ED-8EDF-F1D737331781}.Debug|x64.Build.0 = Debug|Any CPU
		{C315CE8C-739C-41ED-8EDF-F1D737331781}.Debug|x86.ActiveCfg = Debug|Any CPU
		{C315CE8C-739C-41ED-8EDF-F1D737331781}.Debug|x86.Build.0 = Debug|Any CPU
		{C315CE8C-739C-41ED-8EDF-F1D737331781}.Release|Any CPU.ActiveCfg = Release|Any CPU
		{C315CE8C-739C-41ED-8EDF-F1D737331781}.Release|Any CPU.Build.0 = Release|Any CPU
		{C315CE8C-739C-41ED-8EDF-F1D737331781}.Release|x64.ActiveCfg = Release|Any CPU
		{C315CE8C-739C-41ED-8EDF-F1D737331781}.Release|x64.Build.0 = Release|Any CPU
		{C315CE8C-739C-41ED-8EDF-F1D737331781}.Release|x86.ActiveCfg = Release|Any CPU
		{C315CE8C-739C-41ED-8EDF-F1D737331781}.Release|x86.Build.0 = Release|Any CPU
		{055D9784-E1A4-43B1-937E-B376AFB273A1}.Debug|Any CPU.ActiveCfg = Debug|Any CPU
		{055D9784-E1A4-43B1-937E-B376AFB273A1}.Debug|Any CPU.Build.0 = Debug|Any CPU
		{055D9784-E1A4-43B1-937E-B376AFB273A1}.Debug|x64.ActiveCfg = Debug|Any CPU
		{055D9784-E1A4-43B1-937E-B376AFB273A1}.Debug|x64.Build.0 = Debug|Any CPU
		{055D9784-E1A4-43B1-937E-B376AFB273A1}.Debug|x86.ActiveCfg = Debug|Any CPU
		{055D9784-E1A4-43B1-937E-B376AFB273A1}.Debug|x86.Build.0 = Debug|Any CPU
		{055D9784-E1A4-43B1-937E-B376AFB273A1}.Release|Any CPU.ActiveCfg = Release|Any CPU
		{055D9784-E1A4-43B1-937E-B376AFB273A1}.Release|Any CPU.Build.0 = Release|Any CPU
		{055D9784-E1A4-43B1-937E-B376AFB273A1}.Release|x64.ActiveCfg = Release|Any CPU
		{055D9784-E1A4-43B1-937E-B376AFB273A1}.Release|x64.Build.0 = Release|Any CPU
		{055D9784-E1A4-43B1-937E-B376AFB273A1}.Release|x86.ActiveCfg = Release|Any CPU
		{055D9784-E1A4-43B1-937E-B376AFB273A1}.Release|x86.Build.0 = Release|Any CPU
		{67B2740E-D655-4CA7-8A66-156EB1C968AE}.Debug|Any CPU.ActiveCfg = Debug|Any CPU
		{67B2740E-D655-4CA7-8A66-156EB1C968AE}.Debug|Any CPU.Build.0 = Debug|Any CPU
		{67B2740E-D655-4CA7-8A66-156EB1C968AE}.Debug|x64.ActiveCfg = Debug|Any CPU
		{67B2740E-D655-4CA7-8A66-156EB1C968AE}.Debug|x64.Build.0 = Debug|Any CPU
		{67B2740E-D655-4CA7-8A66-156EB1C968AE}.Debug|x86.ActiveCfg = Debug|Any CPU
		{67B2740E-D655-4CA7-8A66-156EB1C968AE}.Debug|x86.Build.0 = Debug|Any CPU
		{67B2740E-D655-4CA7-8A66-156EB1C968AE}.Release|Any CPU.ActiveCfg = Release|Any CPU
		{67B2740E-D655-4CA7-8A66-156EB1C968AE}.Release|Any CPU.Build.0 = Release|Any CPU
		{67B2740E-D655-4CA7-8A66-156EB1C968AE}.Release|x64.ActiveCfg = Release|Any CPU
		{67B2740E-D655-4CA7-8A66-156EB1C968AE}.Release|x64.Build.0 = Release|Any CPU
		{67B2740E-D655-4CA7-8A66-156EB1C968AE}.Release|x86.ActiveCfg = Release|Any CPU
		{67B2740E-D655-4CA7-8A66-156EB1C968AE}.Release|x86.Build.0 = Release|Any CPU
	EndGlobalSection
EndGlobal
